// !$*UTF8*$!
{
	archiveVersion = 1;
	classes = {
	};
	objectVersion = 77;
	objects = {

/* Begin PBXBuildFile section */
		009FCE1295B36FA6B0C804FD /* FavouritesBackupFile.swift in Sources */ = {isa = PBXBuildFile; fileRef = C420AF75EFE583823113F23D /* FavouritesBackupFile.swift */; };
		1F35C73ADB25B37C54D012A6 /* FavouriteButton.swift in Sources */ = {isa = PBXBuildFile; fileRef = 7D83B45C246B3923C7DA87E3 /* FavouriteButton.swift */; };
		22C9F693C4E01B49EA8A7DC0 /* ShowDetailView.swift in Sources */ = {isa = PBXBuildFile; fileRef = 10165D9A5F58512DBB27DE07 /* ShowDetailView.swift */; };
		2913F2CF2572B412572BC0A0 /* CharacterDetailView.swift in Sources */ = {isa = PBXBuildFile; fileRef = D56562EBCC7DCEFB07B0A07D /* CharacterDetailView.swift */; };
		29306A55EB6EA2EE7083201D /* QueerTVGuideUITests.swift in Sources */ = {isa = PBXBuildFile; fileRef = AE2B560D8C4AC1CFC059C157 /* QueerTVGuideUITests.swift */; };
		2BC163CF30C059381EF045EE /* SearchView.swift in Sources */ = {isa = PBXBuildFile; fileRef = DFD338C39510587AB04DD0E8 /* SearchView.swift */; };
		2F9FA11DB6FB9F425574CBE2 /* AppModelIntegrationTests.swift in Sources */ = {isa = PBXBuildFile; fileRef = 42DBCBFCCCE00AF21CE2B243 /* AppModelIntegrationTests.swift */; };
		30C7D17533AA5FC8407B1F24 /* AppIdentity.swift in Sources */ = {isa = PBXBuildFile; fileRef = 45C035570157184FA03B5D6C /* AppIdentity.swift */; };
		35299370D6D51D2B89FE3532 /* AccessibleStyle.swift in Sources */ = {isa = PBXBuildFile; fileRef = 9E750D2B2E53B7541A9D0A8C /* AccessibleStyle.swift */; };
		4C00C3BF875CE9D5217C3B19 /* AttributionUITests.swift in Sources */ = {isa = PBXBuildFile; fileRef = 13A0BF16C0CAC9F83B9D5D31 /* AttributionUITests.swift */; };
		68425D95518F53E70F4F5419 /* GuideCore in Frameworks */ = {isa = PBXBuildFile; productRef = 13543BD064FB8FE28EAA03E0 /* GuideCore */; };
		7DFA6218C2D7D56694BCB630 /* UITestSupport.swift in Sources */ = {isa = PBXBuildFile; fileRef = C18432D587CE03BBE8A49E63 /* UITestSupport.swift */; };
		8AAB1C2FDBFAB8562373B763 /* AboutView.swift in Sources */ = {isa = PBXBuildFile; fileRef = 657AE9A3B9D336B3F6289154 /* AboutView.swift */; };
		96EE0A6594196C3F464850B8 /* OnboardingView.swift in Sources */ = {isa = PBXBuildFile; fileRef = B384108A7E71C3A6C208AE15 /* OnboardingView.swift */; };
		A3D1463E24AE8A6F0737D48C /* AccessibilityAuditTests.swift in Sources */ = {isa = PBXBuildFile; fileRef = C7D13B01EA5DD72032DF50DE /* AccessibilityAuditTests.swift */; };
		A8E093E39E4BB59B74F7D3E1 /* AppStoreScreenshotTests.swift in Sources */ = {isa = PBXBuildFile; fileRef = CE5E38E6D1C9D03CA948241D /* AppStoreScreenshotTests.swift */; };
		AAD2204F4BD58CC5046A2883 /* PrivacyInfo.xcprivacy in Resources */ = {isa = PBXBuildFile; fileRef = D6D678C521FBF48D7FBB5670 /* PrivacyInfo.xcprivacy */; };
		B1D3FCC5C39C4930C7672351 /* QueerTVGuideApp.swift in Sources */ = {isa = PBXBuildFile; fileRef = 6D90E104D1F01789CA1519A7 /* QueerTVGuideApp.swift */; };
		CF25EB2A090C6F989F6152F5 /* AppModel.swift in Sources */ = {isa = PBXBuildFile; fileRef = ED002440091CA64B039DD844 /* AppModel.swift */; };
		D28015C94277D94BAEDE595C /* SpoilerReveal.swift in Sources */ = {isa = PBXBuildFile; fileRef = FAB4D8B056C51CE5C6F0D9E9 /* SpoilerReveal.swift */; };
		D88FB56C0E8BA1F3BE97F88A /* DataFreshnessBanner.swift in Sources */ = {isa = PBXBuildFile; fileRef = E8DC91A913A9E688CFD60485 /* DataFreshnessBanner.swift */; };
		E476019A52A508BA9D90F16B /* snapshot.v1.json in Resources */ = {isa = PBXBuildFile; fileRef = D03E4A71ECC4D5A0E8DB8BD0 /* snapshot.v1.json */; };
		E60747319E9280CBC27E52B3 /* ShowRow.swift in Sources */ = {isa = PBXBuildFile; fileRef = DBE1A58F2D904E39B806EA53 /* ShowRow.swift */; };
		E7CEDA1C3DD522D60FDAE5D3 /* FavouritesView.swift in Sources */ = {isa = PBXBuildFile; fileRef = E5FD48479A8521C288E302D0 /* FavouritesView.swift */; };
		E9C6DC5A5154BC11C21F84D2 /* SourceCredits.swift in Sources */ = {isa = PBXBuildFile; fileRef = 6CDD86F9E0EDF0464F4B6A5C /* SourceCredits.swift */; };
		EA9CEF975F452BE75A15C0E8 /* DataStatusFooter.swift in Sources */ = {isa = PBXBuildFile; fileRef = 750D33208053211A76D4C98D /* DataStatusFooter.swift */; };
		EB04DEAF9C3497996207D6DA /* ShowFactsTests.swift in Sources */ = {isa = PBXBuildFile; fileRef = BFE225EFB270983E70A8ED55 /* ShowFactsTests.swift */; };
		F66F0DC4CF25AC277B21105E /* OnboardingUITests.swift in Sources */ = {isa = PBXBuildFile; fileRef = 434A3D8EBE152B96D1F24792 /* OnboardingUITests.swift */; };
		F70E2EF63B2598E11FF25570 /* Assets.xcassets in Resources */ = {isa = PBXBuildFile; fileRef = 95D825B045FC7516E54DAF0C /* Assets.xcassets */; };
/* End PBXBuildFile section */

/* Begin PBXContainerItemProxy section */
		15C5F6655B4D854E9AB7DF53 /* PBXContainerItemProxy */ = {
			isa = PBXContainerItemProxy;
			containerPortal = 823A93E07BD0493AA8F217A9 /* Project object */;
			proxyType = 1;
			remoteGlobalIDString = ECDEEE67BAC09FE997EC105D;
			remoteInfo = QueerTVGuide;
		};
		270C0F95B2FCB5110D8674B0 /* PBXContainerItemProxy */ = {
			isa = PBXContainerItemProxy;
			containerPortal = 823A93E07BD0493AA8F217A9 /* Project object */;
			proxyType = 1;
			remoteGlobalIDString = ECDEEE67BAC09FE997EC105D;
			remoteInfo = QueerTVGuide;
		};
/* End PBXContainerItemProxy section */

/* Begin PBXFileReference section */
		10165D9A5F58512DBB27DE07 /* ShowDetailView.swift */ = {isa = PBXFileReference; lastKnownFileType = sourcecode.swift; path = ShowDetailView.swift; sourceTree = "<group>"; };
		13A0BF16C0CAC9F83B9D5D31 /* AttributionUITests.swift */ = {isa = PBXFileReference; lastKnownFileType = sourcecode.swift; path = AttributionUITests.swift; sourceTree = "<group>"; };
		2ACC89D31D7AF8C4324115F3 /* Debug.xcconfig */ = {isa = PBXFileReference; lastKnownFileType = text.xcconfig; path = Debug.xcconfig; sourceTree = "<group>"; };
		2C64C79C900805323AFCF628 /* QueerTVGuideTests.xctest */ = {isa = PBXFileReference; includeInIndex = 0; lastKnownFileType = wrapper.cfbundle; path = QueerTVGuideTests.xctest; sourceTree = BUILT_PRODUCTS_DIR; };
		42DBCBFCCCE00AF21CE2B243 /* AppModelIntegrationTests.swift */ = {isa = PBXFileReference; lastKnownFileType = sourcecode.swift; path = AppModelIntegrationTests.swift; sourceTree = "<group>"; };
		434A3D8EBE152B96D1F24792 /* OnboardingUITests.swift */ = {isa = PBXFileReference; lastKnownFileType = sourcecode.swift; path = OnboardingUITests.swift; sourceTree = "<group>"; };
		45C035570157184FA03B5D6C /* AppIdentity.swift */ = {isa = PBXFileReference; lastKnownFileType = sourcecode.swift; path = AppIdentity.swift; sourceTree = "<group>"; };
		657AE9A3B9D336B3F6289154 /* AboutView.swift */ = {isa = PBXFileReference; lastKnownFileType = sourcecode.swift; path = AboutView.swift; sourceTree = "<group>"; };
		697A4919D8BA06853433EBE3 /* Release.xcconfig */ = {isa = PBXFileReference; lastKnownFileType = text.xcconfig; path = Release.xcconfig; sourceTree = "<group>"; };
		6CDD86F9E0EDF0464F4B6A5C /* SourceCredits.swift */ = {isa = PBXFileReference; lastKnownFileType = sourcecode.swift; path = SourceCredits.swift; sourceTree = "<group>"; };
		6D90E104D1F01789CA1519A7 /* QueerTVGuideApp.swift */ = {isa = PBXFileReference; lastKnownFileType = sourcecode.swift; path = QueerTVGuideApp.swift; sourceTree = "<group>"; };
		750D33208053211A76D4C98D /* DataStatusFooter.swift */ = {isa = PBXFileReference; lastKnownFileType = sourcecode.swift; path = DataStatusFooter.swift; sourceTree = "<group>"; };
		7C7F3D8E238A2C369F0CC6B2 /* QueerTVGuideUITests.xctest */ = {isa = PBXFileReference; includeInIndex = 0; lastKnownFileType = wrapper.cfbundle; path = QueerTVGuideUITests.xctest; sourceTree = BUILT_PRODUCTS_DIR; };
		7D83B45C246B3923C7DA87E3 /* FavouriteButton.swift */ = {isa = PBXFileReference; lastKnownFileType = sourcecode.swift; path = FavouriteButton.swift; sourceTree = "<group>"; };
		8DC448BA66E038712B00882B /* GuideCore */ = {isa = PBXFileReference; lastKnownFileType = folder; name = GuideCore; path = GuideCore; sourceTree = SOURCE_ROOT; };
		95D825B045FC7516E54DAF0C /* Assets.xcassets */ = {isa = PBXFileReference; lastKnownFileType = folder.assetcatalog; path = Assets.xcassets; sourceTree = "<group>"; };
		9E750D2B2E53B7541A9D0A8C /* AccessibleStyle.swift */ = {isa = PBXFileReference; lastKnownFileType = sourcecode.swift; path = AccessibleStyle.swift; sourceTree = "<group>"; };
		AE2B560D8C4AC1CFC059C157 /* QueerTVGuideUITests.swift */ = {isa = PBXFileReference; lastKnownFileType = sourcecode.swift; path = QueerTVGuideUITests.swift; sourceTree = "<group>"; };
		B384108A7E71C3A6C208AE15 /* OnboardingView.swift */ = {isa = PBXFileReference; lastKnownFileType = sourcecode.swift; path = OnboardingView.swift; sourceTree = "<group>"; };
		BFE225EFB270983E70A8ED55 /* ShowFactsTests.swift */ = {isa = PBXFileReference; lastKnownFileType = sourcecode.swift; path = ShowFactsTests.swift; sourceTree = "<group>"; };
		C18432D587CE03BBE8A49E63 /* UITestSupport.swift */ = {isa = PBXFileReference; lastKnownFileType = sourcecode.swift; path = UITestSupport.swift; sourceTree = "<group>"; };
		C420AF75EFE583823113F23D /* FavouritesBackupFile.swift */ = {isa = PBXFileReference; lastKnownFileType = sourcecode.swift; path = FavouritesBackupFile.swift; sourceTree = "<group>"; };
		C7D13B01EA5DD72032DF50DE /* AccessibilityAuditTests.swift */ = {isa = PBXFileReference; lastKnownFileType = sourcecode.swift; path = AccessibilityAuditTests.swift; sourceTree = "<group>"; };
		CE5E38E6D1C9D03CA948241D /* AppStoreScreenshotTests.swift */ = {isa = PBXFileReference; lastKnownFileType = sourcecode.swift; path = AppStoreScreenshotTests.swift; sourceTree = "<group>"; };
		CECFC0920C1F6BBA446DE631 /* App-Release.xcconfig */ = {isa = PBXFileReference; lastKnownFileType = text.xcconfig; path = "App-Release.xcconfig"; sourceTree = "<group>"; };
		D03E4A71ECC4D5A0E8DB8BD0 /* snapshot.v1.json */ = {isa = PBXFileReference; lastKnownFileType = text.json; path = snapshot.v1.json; sourceTree = "<group>"; };
		D56562EBCC7DCEFB07B0A07D /* CharacterDetailView.swift */ = {isa = PBXFileReference; lastKnownFileType = sourcecode.swift; path = CharacterDetailView.swift; sourceTree = "<group>"; };
		D6D678C521FBF48D7FBB5670 /* PrivacyInfo.xcprivacy */ = {isa = PBXFileReference; path = PrivacyInfo.xcprivacy; sourceTree = "<group>"; };
		DBE1A58F2D904E39B806EA53 /* ShowRow.swift */ = {isa = PBXFileReference; lastKnownFileType = sourcecode.swift; path = ShowRow.swift; sourceTree = "<group>"; };
		DFD338C39510587AB04DD0E8 /* SearchView.swift */ = {isa = PBXFileReference; lastKnownFileType = sourcecode.swift; path = SearchView.swift; sourceTree = "<group>"; };
		E5FD48479A8521C288E302D0 /* FavouritesView.swift */ = {isa = PBXFileReference; lastKnownFileType = sourcecode.swift; path = FavouritesView.swift; sourceTree = "<group>"; };
		E8DC91A913A9E688CFD60485 /* DataFreshnessBanner.swift */ = {isa = PBXFileReference; lastKnownFileType = sourcecode.swift; path = DataFreshnessBanner.swift; sourceTree = "<group>"; };
		ED002440091CA64B039DD844 /* AppModel.swift */ = {isa = PBXFileReference; lastKnownFileType = sourcecode.swift; path = AppModel.swift; sourceTree = "<group>"; };
		F7A17255CA033EE31D78CE19 /* QueerTVGuide.app */ = {isa = PBXFileReference; includeInIndex = 0; lastKnownFileType = wrapper.application; path = QueerTVGuide.app; sourceTree = BUILT_PRODUCTS_DIR; };
		FAB4D8B056C51CE5C6F0D9E9 /* SpoilerReveal.swift */ = {isa = PBXFileReference; lastKnownFileType = sourcecode.swift; path = SpoilerReveal.swift; sourceTree = "<group>"; };
		FEEDA5D1A765419CCE2D7E56 /* App-Debug.xcconfig */ = {isa = PBXFileReference; lastKnownFileType = text.xcconfig; path = "App-Debug.xcconfig"; sourceTree = "<group>"; };
/* End PBXFileReference section */

/* Begin PBXFrameworksBuildPhase section */
		A117BEC10767237EEEA855DC /* Frameworks */ = {
			isa = PBXFrameworksBuildPhase;
			buildActionMask = 2147483647;
			files = (
				68425D95518F53E70F4F5419 /* GuideCore in Frameworks */,
			);
			runOnlyForDeploymentPostprocessing = 0;
		};
/* End PBXFrameworksBuildPhase section */

/* Begin PBXGroup section */
		205FB0D5A4434F7DC4A3A1B5 /* App */ = {
			isa = PBXGroup;
			children = (
				45C035570157184FA03B5D6C /* AppIdentity.swift */,
				ED002440091CA64B039DD844 /* AppModel.swift */,
				6D90E104D1F01789CA1519A7 /* QueerTVGuideApp.swift */,
			);
			path = App;
			sourceTree = "<group>";
		};
		46FDDF5BFE2713E4DD32AB3D /* QueerTVGuideTests */ = {
			isa = PBXGroup;
			children = (
				42DBCBFCCCE00AF21CE2B243 /* AppModelIntegrationTests.swift */,
				BFE225EFB270983E70A8ED55 /* ShowFactsTests.swift */,
			);
			path = QueerTVGuideTests;
			sourceTree = "<group>";
		};
		4E9A74DD4B2FD93E8DBAE659 /* Views */ = {
			isa = PBXGroup;
			children = (
				657AE9A3B9D336B3F6289154 /* AboutView.swift */,
				D56562EBCC7DCEFB07B0A07D /* CharacterDetailView.swift */,
				E5FD48479A8521C288E302D0 /* FavouritesView.swift */,
				B384108A7E71C3A6C208AE15 /* OnboardingView.swift */,
				DFD338C39510587AB04DD0E8 /* SearchView.swift */,
				10165D9A5F58512DBB27DE07 /* ShowDetailView.swift */,
				68DBC3DB5354EE0D2913FBA8 /* Components */,
			);
			path = Views;
			sourceTree = "<group>";
		};
		50F2AD463AA9942A5FC99CB0 /* QueerTVGuideUITests */ = {
			isa = PBXGroup;
			children = (
				C7D13B01EA5DD72032DF50DE /* AccessibilityAuditTests.swift */,
				CE5E38E6D1C9D03CA948241D /* AppStoreScreenshotTests.swift */,
				13A0BF16C0CAC9F83B9D5D31 /* AttributionUITests.swift */,
				434A3D8EBE152B96D1F24792 /* OnboardingUITests.swift */,
				AE2B560D8C4AC1CFC059C157 /* QueerTVGuideUITests.swift */,
				C18432D587CE03BBE8A49E63 /* UITestSupport.swift */,
			);
			path = QueerTVGuideUITests;
			sourceTree = "<group>";
		};
		5EBDA5B0457F2248135AABCF /* QueerTVGuide */ = {
			isa = PBXGroup;
			children = (
				95D825B045FC7516E54DAF0C /* Assets.xcassets */,
				D6D678C521FBF48D7FBB5670 /* PrivacyInfo.xcprivacy */,
				205FB0D5A4434F7DC4A3A1B5 /* App */,
				F0058A4C22B9616A13143AC2 /* Resources */,
				4E9A74DD4B2FD93E8DBAE659 /* Views */,
			);
			path = QueerTVGuide;
			sourceTree = "<group>";
		};
		62516259B362229DA78C48CC = {
			isa = PBXGroup;
			children = (
				DD5B586756BB1BB848018B53 /* Config */,
				F613D402A763BEB8A54BD19F /* Packages */,
				5EBDA5B0457F2248135AABCF /* QueerTVGuide */,
				46FDDF5BFE2713E4DD32AB3D /* QueerTVGuideTests */,
				50F2AD463AA9942A5FC99CB0 /* QueerTVGuideUITests */,
				B68E1B731A51AF804359DFD5 /* Products */,
			);
			sourceTree = "<group>";
		};
		68DBC3DB5354EE0D2913FBA8 /* Components */ = {
			isa = PBXGroup;
			children = (
				9E750D2B2E53B7541A9D0A8C /* AccessibleStyle.swift */,
				E8DC91A913A9E688CFD60485 /* DataFreshnessBanner.swift */,
				750D33208053211A76D4C98D /* DataStatusFooter.swift */,
				7D83B45C246B3923C7DA87E3 /* FavouriteButton.swift */,
				C420AF75EFE583823113F23D /* FavouritesBackupFile.swift */,
				DBE1A58F2D904E39B806EA53 /* ShowRow.swift */,
				6CDD86F9E0EDF0464F4B6A5C /* SourceCredits.swift */,
				FAB4D8B056C51CE5C6F0D9E9 /* SpoilerReveal.swift */,
			);
			path = Components;
			sourceTree = "<group>";
		};
		B68E1B731A51AF804359DFD5 /* Products */ = {
			isa = PBXGroup;
			children = (
				F7A17255CA033EE31D78CE19 /* QueerTVGuide.app */,
				2C64C79C900805323AFCF628 /* QueerTVGuideTests.xctest */,
				7C7F3D8E238A2C369F0CC6B2 /* QueerTVGuideUITests.xctest */,
			);
			name = Products;
			sourceTree = "<group>";
		};
		DD5B586756BB1BB848018B53 /* Config */ = {
			isa = PBXGroup;
			children = (
				FEEDA5D1A765419CCE2D7E56 /* App-Debug.xcconfig */,
				CECFC0920C1F6BBA446DE631 /* App-Release.xcconfig */,
				2ACC89D31D7AF8C4324115F3 /* Debug.xcconfig */,
				697A4919D8BA06853433EBE3 /* Release.xcconfig */,
			);
			path = Config;
			sourceTree = "<group>";
		};
		F0058A4C22B9616A13143AC2 /* Resources */ = {
			isa = PBXGroup;
			children = (
				D03E4A71ECC4D5A0E8DB8BD0 /* snapshot.v1.json */,
			);
			path = Resources;
			sourceTree = "<group>";
		};
		F613D402A763BEB8A54BD19F /* Packages */ = {
			isa = PBXGroup;
			children = (
				8DC448BA66E038712B00882B /* GuideCore */,
			);
			name = Packages;
			sourceTree = "<group>";
		};
/* End PBXGroup section */

/* Begin PBXNativeTarget section */
		DB56E3773554DD276710ED2A /* QueerTVGuideTests */ = {
			isa = PBXNativeTarget;
			buildConfigurationList = 54A835A9509552D639DCA1EC /* Build configuration list for PBXNativeTarget "QueerTVGuideTests" */;
			buildPhases = (
				076913BB15BA044F0AEB07A9 /* Sources */,
			);
			buildRules = (
			);
			dependencies = (
				FDEF029D89D55214348A5D55 /* PBXTargetDependency */,
				787377F4AD314594AA4627E9 /* PBXTargetDependency */,
			);
			name = QueerTVGuideTests;
			packageProductDependencies = (
			);
			productName = QueerTVGuideTests;
			productReference = 2C64C79C900805323AFCF628 /* QueerTVGuideTests.xctest */;
			productType = "com.apple.product-type.bundle.unit-test";
		};
		ECDEEE67BAC09FE997EC105D /* QueerTVGuide */ = {
			isa = PBXNativeTarget;
			buildConfigurationList = 260BCE9AF268BE9ECCF35599 /* Build configuration list for PBXNativeTarget "QueerTVGuide" */;
			buildPhases = (
				6B3738C5E561BF98CE28EA69 /* Sources */,
				BF51F3969C968F331C02DD3B /* Resources */,
				A117BEC10767237EEEA855DC /* Frameworks */,
			);
			buildRules = (
			);
			dependencies = (
			);
			name = QueerTVGuide;
			packageProductDependencies = (
				13543BD064FB8FE28EAA03E0 /* GuideCore */,
			);
			productName = QueerTVGuide;
			productReference = F7A17255CA033EE31D78CE19 /* QueerTVGuide.app */;
			productType = "com.apple.product-type.application";
		};
		F7A16AFC9372B76A7E689097 /* QueerTVGuideUITests */ = {
			isa = PBXNativeTarget;
			buildConfigurationList = 7005D580541402386F4917D4 /* Build configuration list for PBXNativeTarget "QueerTVGuideUITests" */;
			buildPhases = (
				2FDCB02F3C45255297CA47FD /* Sources */,
			);
			buildRules = (
			);
			dependencies = (
				4F85A005D81CA241542C8721 /* PBXTargetDependency */,
			);
			name = QueerTVGuideUITests;
			packageProductDependencies = (
			);
			productName = QueerTVGuideUITests;
			productReference = 7C7F3D8E238A2C369F0CC6B2 /* QueerTVGuideUITests.xctest */;
			productType = "com.apple.product-type.bundle.ui-testing";
		};
/* End PBXNativeTarget section */

/* Begin PBXProject section */
		823A93E07BD0493AA8F217A9 /* Project object */ = {
			isa = PBXProject;
			attributes = {
				BuildIndependentTargetsInParallel = YES;
				LastUpgradeCheck = 1430;
				TargetAttributes = {
					DB56E3773554DD276710ED2A = {
						DevelopmentTeam = 6X5YH93QNM;
						ProvisioningStyle = Automatic;
					};
					ECDEEE67BAC09FE997EC105D = {
						DevelopmentTeam = 6X5YH93QNM;
						ProvisioningStyle = Automatic;
					};
					F7A16AFC9372B76A7E689097 = {
						DevelopmentTeam = 6X5YH93QNM;
						ProvisioningStyle = Automatic;
						TestTargetID = ECDEEE67BAC09FE997EC105D;
					};
				};
			};
			buildConfigurationList = B0A2DD567D9C6F4D1D232D81 /* Build configuration list for PBXProject "QueerTVGuide" */;
			developmentRegion = en;
			hasScannedForEncodings = 0;
			knownRegions = (
				Base,
				en,
			);
			mainGroup = 62516259B362229DA78C48CC;
			minimizedProjectReferenceProxies = 1;
			packageReferences = (
				9B39E51415183023C901554B /* XCLocalSwiftPackageReference "GuideCore" */,
			);
			preferredProjectObjectVersion = 77;
			productRefGroup = B68E1B731A51AF804359DFD5 /* Products */;
			projectDirPath = "";
			projectRoot = "";
			targets = (
				ECDEEE67BAC09FE997EC105D /* QueerTVGuide */,
				DB56E3773554DD276710ED2A /* QueerTVGuideTests */,
				F7A16AFC9372B76A7E689097 /* QueerTVGuideUITests */,
			);
		};
/* End PBXProject section */

/* Begin PBXResourcesBuildPhase section */
		BF51F3969C968F331C02DD3B /* Resources */ = {
			isa = PBXResourcesBuildPhase;
			buildActionMask = 2147483647;
			files = (
				F70E2EF63B2598E11FF25570 /* Assets.xcassets in Resources */,
				AAD2204F4BD58CC5046A2883 /* PrivacyInfo.xcprivacy in Resources */,
				E476019A52A508BA9D90F16B /* snapshot.v1.json in Resources */,
			);
			runOnlyForDeploymentPostprocessing = 0;
		};
/* End PBXResourcesBuildPhase section */

/* Begin PBXSourcesBuildPhase section */
		076913BB15BA044F0AEB07A9 /* Sources */ = {
			isa = PBXSourcesBuildPhase;
			buildActionMask = 2147483647;
			files = (
				2F9FA11DB6FB9F425574CBE2 /* AppModelIntegrationTests.swift in Sources */,
				EB04DEAF9C3497996207D6DA /* ShowFactsTests.swift in Sources */,
			);
			runOnlyForDeploymentPostprocessing = 0;
		};
		2FDCB02F3C45255297CA47FD /* Sources */ = {
			isa = PBXSourcesBuildPhase;
			buildActionMask = 2147483647;
			files = (
				A3D1463E24AE8A6F0737D48C /* AccessibilityAuditTests.swift in Sources */,
				A8E093E39E4BB59B74F7D3E1 /* AppStoreScreenshotTests.swift in Sources */,
				4C00C3BF875CE9D5217C3B19 /* AttributionUITests.swift in Sources */,
				F66F0DC4CF25AC277B21105E /* OnboardingUITests.swift in Sources */,
				29306A55EB6EA2EE7083201D /* QueerTVGuideUITests.swift in Sources */,
				7DFA6218C2D7D56694BCB630 /* UITestSupport.swift in Sources */,
			);
			runOnlyForDeploymentPostprocessing = 0;
		};
		6B3738C5E561BF98CE28EA69 /* Sources */ = {
			isa = PBXSourcesBuildPhase;
			buildActionMask = 2147483647;
			files = (
				8AAB1C2FDBFAB8562373B763 /* AboutView.swift in Sources */,
				35299370D6D51D2B89FE3532 /* AccessibleStyle.swift in Sources */,
				30C7D17533AA5FC8407B1F24 /* AppIdentity.swift in Sources */,
				CF25EB2A090C6F989F6152F5 /* AppModel.swift in Sources */,
				2913F2CF2572B412572BC0A0 /* CharacterDetailView.swift in Sources */,
				D88FB56C0E8BA1F3BE97F88A /* DataFreshnessBanner.swift in Sources */,
				EA9CEF975F452BE75A15C0E8 /* DataStatusFooter.swift in Sources */,
				1F35C73ADB25B37C54D012A6 /* FavouriteButton.swift in Sources */,
				009FCE1295B36FA6B0C804FD /* FavouritesBackupFile.swift in Sources */,
				E7CEDA1C3DD522D60FDAE5D3 /* FavouritesView.swift in Sources */,
				96EE0A6594196C3F464850B8 /* OnboardingView.swift in Sources */,
				B1D3FCC5C39C4930C7672351 /* QueerTVGuideApp.swift in Sources */,
				2BC163CF30C059381EF045EE /* SearchView.swift in Sources */,
				22C9F693C4E01B49EA8A7DC0 /* ShowDetailView.swift in Sources */,
				E60747319E9280CBC27E52B3 /* ShowRow.swift in Sources */,
				E9C6DC5A5154BC11C21F84D2 /* SourceCredits.swift in Sources */,
				D28015C94277D94BAEDE595C /* SpoilerReveal.swift in Sources */,
			);
			runOnlyForDeploymentPostprocessing = 0;
		};
/* End PBXSourcesBuildPhase section */

/* Begin PBXTargetDependency section */
		4F85A005D81CA241542C8721 /* PBXTargetDependency */ = {
			isa = PBXTargetDependency;
			target = ECDEEE67BAC09FE997EC105D /* QueerTVGuide */;
			targetProxy = 270C0F95B2FCB5110D8674B0 /* PBXContainerItemProxy */;
		};
		787377F4AD314594AA4627E9 /* PBXTargetDependency */ = {
			isa = PBXTargetDependency;
			productRef = "TEMP_77AD2F42-D961-4E5D-AF47-8EF9741ED698" /* GuideCore */;
		};
		FDEF029D89D55214348A5D55 /* PBXTargetDependency */ = {
			isa = PBXTargetDependency;
			target = ECDEEE67BAC09FE997EC105D /* QueerTVGuide */;
			targetProxy = 15C5F6655B4D854E9AB7DF53 /* PBXContainerItemProxy */;
		};
/* End PBXTargetDependency section */

/* Begin XCBuildConfiguration section */
		190742E6519E547ABE66A2C5 /* Release */ = {
			isa = XCBuildConfiguration;
			buildSettings = {
				ALWAYS_SEARCH_USER_PATHS = NO;
				CLANG_ANALYZER_NONNULL = YES;
				CLANG_ANALYZER_NUMBER_OBJECT_CONVERSION = YES_AGGRESSIVE;
				CLANG_CXX_LANGUAGE_STANDARD = "gnu++14";
				CLANG_CXX_LIBRARY = "libc++";
				CLANG_ENABLE_MODULES = YES;
				CLANG_ENABLE_OBJC_ARC = YES;
				CLANG_ENABLE_OBJC_WEAK = YES;
				CLANG_WARN_BLOCK_CAPTURE_AUTORELEASING = YES;
				CLANG_WARN_BOOL_CONVERSION = YES;
				CLANG_WARN_COMMA = YES;
				CLANG_WARN_CONSTANT_CONVERSION = YES;
				CLANG_WARN_DEPRECATED_OBJC_IMPLEMENTATIONS = YES;
				CLANG_WARN_DIRECT_OBJC_ISA_USAGE = YES_ERROR;
				CLANG_WARN_DOCUMENTATION_COMMENTS = YES;
				CLANG_WARN_EMPTY_BODY = YES;
				CLANG_WARN_ENUM_CONVERSION = YES;
				CLANG_WARN_INFINITE_RECURSION = YES;
				CLANG_WARN_INT_CONVERSION = YES;
				CLANG_WARN_NON_LITERAL_NULL_CONVERSION = YES;
				CLANG_WARN_OBJC_IMPLICIT_RETAIN_SELF = YES;
				CLANG_WARN_OBJC_LITERAL_CONVERSION = YES;
				CLANG_WARN_OBJC_ROOT_CLASS = YES_ERROR;
				CLANG_WARN_QUOTED_INCLUDE_IN_FRAMEWORK_HEADER = YES;
				CLANG_WARN_RANGE_LOOP_ANALYSIS = YES;
				CLANG_WARN_STRICT_PROTOTYPES = YES;
				CLANG_WARN_SUSPICIOUS_MOVE = YES;
				CLANG_WARN_UNGUARDED_AVAILABILITY = YES_AGGRESSIVE;
				CLANG_WARN_UNREACHABLE_CODE = YES;
				CLANG_WARN__DUPLICATE_METHOD_MATCH = YES;
				COPY_PHASE_STRIP = NO;
				DEBUG_INFORMATION_FORMAT = "dwarf-with-dsym";
				ENABLE_NS_ASSERTIONS = NO;
				ENABLE_STRICT_OBJC_MSGSEND = YES;
				GCC_C_LANGUAGE_STANDARD = gnu11;
				GCC_NO_COMMON_BLOCKS = YES;
				GCC_WARN_64_TO_32_BIT_CONVERSION = YES;
				GCC_WARN_ABOUT_RETURN_TYPE = YES_ERROR;
				GCC_WARN_UNDECLARED_SELECTOR = YES;
				GCC_WARN_UNINITIALIZED_AUTOS = YES_AGGRESSIVE;
				GCC_WARN_UNUSED_FUNCTION = YES;
				GCC_WARN_UNUSED_VARIABLE = YES;
				IPHONEOS_DEPLOYMENT_TARGET = 17.0;
				MTL_ENABLE_DEBUG_INFO = NO;
				MTL_FAST_MATH = YES;
				PRODUCT_NAME = "$(TARGET_NAME)";
				SDKROOT = iphoneos;
				SWIFT_COMPILATION_MODE = wholemodule;
				SWIFT_OPTIMIZATION_LEVEL = "-O";
				SWIFT_VERSION = 5.0;
			};
			name = Release;
		};
		46070148C08E84C198CB4076 /* Debug */ = {
			isa = XCBuildConfiguration;
			baseConfigurationReference = FEEDA5D1A765419CCE2D7E56 /* App-Debug.xcconfig */;
			buildSettings = {
				ASSETCATALOG_COMPILER_APPICON_NAME = AppIcon;
				ASSETCATALOG_COMPILER_GENERATE_SWIFT_ASSET_SYMBOL_EXTENSIONS = YES;
				CODE_SIGN_IDENTITY = "iPhone Developer";
				LD_RUNPATH_SEARCH_PATHS = (
					"$(inherited)",
					"@executable_path/Frameworks",
				);
				SDKROOT = iphoneos;
			};
			name = Debug;
		};
		7B52032CE7AD805C54EF0268 /* Debug */ = {
			isa = XCBuildConfiguration;
			baseConfigurationReference = 2ACC89D31D7AF8C4324115F3 /* Debug.xcconfig */;
			buildSettings = {
				BUNDLE_LOADER = "$(TEST_HOST)";
				LD_RUNPATH_SEARCH_PATHS = (
					"$(inherited)",
					"@executable_path/Frameworks",
					"@loader_path/Frameworks",
				);
				PRODUCT_BUNDLE_IDENTIFIER = com.chelseakr.QueerTVGuideTests;
				SDKROOT = iphoneos;
				TEST_HOST = "$(BUILT_PRODUCTS_DIR)/QueerTVGuide.app/QueerTVGuide";
			};
			name = Debug;
		};
		9F69D943041C49D091CED7E4 /* Release */ = {
			isa = XCBuildConfiguration;
			baseConfigurationReference = CECFC0920C1F6BBA446DE631 /* App-Release.xcconfig */;
			buildSettings = {
				ASSETCATALOG_COMPILER_APPICON_NAME = AppIcon;
				ASSETCATALOG_COMPILER_GENERATE_SWIFT_ASSET_SYMBOL_EXTENSIONS = YES;
				CODE_SIGN_IDENTITY = "iPhone Developer";
				LD_RUNPATH_SEARCH_PATHS = (
					"$(inherited)",
					"@executable_path/Frameworks",
				);
				SDKROOT = iphoneos;
			};
			name = Release;
		};
		A256AC7B9C2973FAB177F473 /* Release */ = {
			isa = XCBuildConfiguration;
			baseConfigurationReference = 697A4919D8BA06853433EBE3 /* Release.xcconfig */;
			buildSettings = {
				BUNDLE_LOADER = "$(TEST_HOST)";
				LD_RUNPATH_SEARCH_PATHS = (
					"$(inherited)",
					"@executable_path/Frameworks",
					"@loader_path/Frameworks",
				);
				PRODUCT_BUNDLE_IDENTIFIER = com.chelseakr.QueerTVGuideTests;
				SDKROOT = iphoneos;
				TEST_HOST = "$(BUILT_PRODUCTS_DIR)/QueerTVGuide.app/QueerTVGuide";
			};
			name = Release;
		};
		B12DB9ED7C29ACDF32BDB9F9 /* Release */ = {
			isa = XCBuildConfiguration;
			baseConfigurationReference = 697A4919D8BA06853433EBE3 /* Release.xcconfig */;
			buildSettings = {
				BUNDLE_LOADER = "$(TEST_HOST)";
				LD_RUNPATH_SEARCH_PATHS = (
					"$(inherited)",
					"@executable_path/Frameworks",
					"@loader_path/Frameworks",
				);
				PRODUCT_BUNDLE_IDENTIFIER = com.chelseakr.QueerTVGuideUITests;
				SDKROOT = iphoneos;
				TEST_TARGET_NAME = QueerTVGuide;
			};
			name = Release;
		};
		CAE2D4638C4BD4A0174099F9 /* Debug */ = {
			isa = XCBuildConfiguration;
			buildSettings = {
				ALWAYS_SEARCH_USER_PATHS = NO;
				CLANG_ANALYZER_NONNULL = YES;
				CLANG_ANALYZER_NUMBER_OBJECT_CONVERSION = YES_AGGRESSIVE;
				CLANG_CXX_LANGUAGE_STANDARD = "gnu++14";
				CLANG_CXX_LIBRARY = "libc++";
				CLANG_ENABLE_MODULES = YES;
				CLANG_ENABLE_OBJC_ARC = YES;
				CLANG_ENABLE_OBJC_WEAK = YES;
				CLANG_WARN_BLOCK_CAPTURE_AUTORELEASING = YES;
				CLANG_WARN_BOOL_CONVERSION = YES;
				CLANG_WARN_COMMA = YES;
				CLANG_WARN_CONSTANT_CONVERSION = YES;
				CLANG_WARN_DEPRECATED_OBJC_IMPLEMENTATIONS = YES;
				CLANG_WARN_DIRECT_OBJC_ISA_USAGE = YES_ERROR;
				CLANG_WARN_DOCUMENTATION_COMMENTS = YES;
				CLANG_WARN_EMPTY_BODY = YES;
				CLANG_WARN_ENUM_CONVERSION = YES;
				CLANG_WARN_INFINITE_RECURSION = YES;
				CLANG_WARN_INT_CONVERSION = YES;
				CLANG_WARN_NON_LITERAL_NULL_CONVERSION = YES;
				CLANG_WARN_OBJC_IMPLICIT_RETAIN_SELF = YES;
				CLANG_WARN_OBJC_LITERAL_CONVERSION = YES;
				CLANG_WARN_OBJC_ROOT_CLASS = YES_ERROR;
				CLANG_WARN_QUOTED_INCLUDE_IN_FRAMEWORK_HEADER = YES;
				CLANG_WARN_RANGE_LOOP_ANALYSIS = YES;
				CLANG_WARN_STRICT_PROTOTYPES = YES;
				CLANG_WARN_SUSPICIOUS_MOVE = YES;
				CLANG_WARN_UNGUARDED_AVAILABILITY = YES_AGGRESSIVE;
				CLANG_WARN_UNREACHABLE_CODE = YES;
				CLANG_WARN__DUPLICATE_METHOD_MATCH = YES;
				COPY_PHASE_STRIP = NO;
				DEBUG_INFORMATION_FORMAT = dwarf;
				ENABLE_STRICT_OBJC_MSGSEND = YES;
				ENABLE_TESTABILITY = YES;
				GCC_C_LANGUAGE_STANDARD = gnu11;
				GCC_DYNAMIC_NO_PIC = NO;
				GCC_NO_COMMON_BLOCKS = YES;
				GCC_OPTIMIZATION_LEVEL = 0;
				GCC_PREPROCESSOR_DEFINITIONS = (
					"$(inherited)",
					"DEBUG=1",
				);
				GCC_WARN_64_TO_32_BIT_CONVERSION = YES;
				GCC_WARN_ABOUT_RETURN_TYPE = YES_ERROR;
				GCC_WARN_UNDECLARED_SELECTOR = YES;
				GCC_WARN_UNINITIALIZED_AUTOS = YES_AGGRESSIVE;
				GCC_WARN_UNUSED_FUNCTION = YES;
				GCC_WARN_UNUSED_VARIABLE = YES;
				IPHONEOS_DEPLOYMENT_TARGET = 17.0;
				MTL_ENABLE_DEBUG_INFO = INCLUDE_SOURCE;
				MTL_FAST_MATH = YES;
				ONLY_ACTIVE_ARCH = YES;
				PRODUCT_NAME = "$(TARGET_NAME)";
				SDKROOT = iphoneos;
				SWIFT_ACTIVE_COMPILATION_CONDITIONS = DEBUG;
				SWIFT_OPTIMIZATION_LEVEL = "-Onone";
				SWIFT_VERSION = 5.0;
			};
			name = Debug;
		};
		F4853C12907035DE8B95D34F /* Debug */ = {
			isa = XCBuildConfiguration;
			baseConfigurationReference = 2ACC89D31D7AF8C4324115F3 /* Debug.xcconfig */;
			buildSettings = {
				BUNDLE_LOADER = "$(TEST_HOST)";
				LD_RUNPATH_SEARCH_PATHS = (
					"$(inherited)",
					"@executable_path/Frameworks",
					"@loader_path/Frameworks",
				);
				PRODUCT_BUNDLE_IDENTIFIER = com.chelseakr.QueerTVGuideUITests;
				SDKROOT = iphoneos;
				TEST_TARGET_NAME = QueerTVGuide;
			};
			name = Debug;
		};
/* End XCBuildConfiguration section */

/* Begin XCConfigurationList section */
		260BCE9AF268BE9ECCF35599 /* Build configuration list for PBXNativeTarget "QueerTVGuide" */ = {
			isa = XCConfigurationList;
			buildConfigurations = (
				46070148C08E84C198CB4076 /* Debug */,
				9F69D943041C49D091CED7E4 /* Release */,
			);
			defaultConfigurationIsVisible = 0;
			defaultConfigurationName = Debug;
		};
		54A835A9509552D639DCA1EC /* Build configuration list for PBXNativeTarget "QueerTVGuideTests" */ = {
			isa = XCConfigurationList;
			buildConfigurations = (
				7B52032CE7AD805C54EF0268 /* Debug */,
				A256AC7B9C2973FAB177F473 /* Release */,
			);
			defaultConfigurationIsVisible = 0;
			defaultConfigurationName = Debug;
		};
		7005D580541402386F4917D4 /* Build configuration list for PBXNativeTarget "QueerTVGuideUITests" */ = {
			isa = XCConfigurationList;
			buildConfigurations = (
				F4853C12907035DE8B95D34F /* Debug */,
				B12DB9ED7C29ACDF32BDB9F9 /* Release */,
			);
			defaultConfigurationIsVisible = 0;
			defaultConfigurationName = Debug;
		};
		B0A2DD567D9C6F4D1D232D81 /* Build configuration list for PBXProject "QueerTVGuide" */ = {
			isa = XCConfigurationList;
			buildConfigurations = (
				CAE2D4638C4BD4A0174099F9 /* Debug */,
				190742E6519E547ABE66A2C5 /* Release */,
			);
			defaultConfigurationIsVisible = 0;
			defaultConfigurationName = Debug;
		};
/* End XCConfigurationList section */

/* Begin XCLocalSwiftPackageReference section */
		9B39E51415183023C901554B /* XCLocalSwiftPackageReference "GuideCore" */ = {
			isa = XCLocalSwiftPackageReference;
			relativePath = GuideCore;
		};
/* End XCLocalSwiftPackageReference section */

/* Begin XCSwiftPackageProductDependency section */
		13543BD064FB8FE28EAA03E0 /* GuideCore */ = {
			isa = XCSwiftPackageProductDependency;
			productName = GuideCore;
		};
		"TEMP_77AD2F42-D961-4E5D-AF47-8EF9741ED698" /* GuideCore */ = {
			isa = XCSwiftPackageProductDependency;
			productName = GuideCore;
		};
/* End XCSwiftPackageProductDependency section */
	};
	rootObject = 823A93E07BD0493AA8F217A9 /* Project object */;
}
